
Microsoft Visual Studio Solution File, Format Version 12.00
# Visual Studio 15
VisualStudioVersion = 15.0.28307.1525
MinimumVisualStudioVersion = 10.0.40219.1
Project("{8BC9CEB8-8B4A-11D0-8D11-00A0C91BC942}") = "MinServer", "MinServer.vcxproj", "{47AF9BCA-FA81-43EB-A02A-233B7900D840}"
EndProject
Global
	GlobalSection(SolutionConfigurationPlatforms) = preSolution
		Debug|x64 = Debug|x64
		Debug|x86 = Debug|x86
		Release|x64 = Release|x64
		Release|x86 = Release|x86
	EndGlobalSection
	GlobalSection(ProjectConfigurationPlatforms) = postSolution
		{47AF9BCA-FA81-43EB-A02A-233B7900D840}.Debug|x64.ActiveCfg = Debug|x64
		{47AF9BCA-FA81-43EB-A02A-233B7900D840}.Debug|x64.Build.0 = Debug|x64
		{47AF9BCA-FA81-43EB-A02A-233B7900D840}.Debug|x86.ActiveCfg = Debug|Win32
		{47AF9BCA-FA81-43EB-A02A-233B7900D840}.Debug|x86.Build.0 = Debug|Win32
		{47AF9BCA-FA81-43EB-A02A-233B7900D840}.Release|x64.ActiveCfg = Release|x64
		{47AF9BCA-FA81-43EB-A02A-233B7900D840}.Release|x64.Build.0 = Release|x64
		{47AF9BCA-FA81-43EB-A02A-233B7900D840}.Release|x86.ActiveCfg = Release|Win32
		{47AF9BCA-FA81-43EB-A02A-233B7900D840}.Release|x86.Build.0 = Release|Win32
	EndGlobalSection
	GlobalSection(SolutionProperties) = preSolution
		HideSolutionNode = FALSE
	EndGlobalSection
	GlobalSection(ExtensibilityGlobals) = postSolution
		SolutionGuid = {1DD77FB2-B025-4F19-9287-3BD50A128D4C}
	EndGlobalSection
EndGlobal
